Microsoft Visual Studio Solution File, Format Version 12.00
# Visual Studio Version 17
VisualStudioVersion = 17.14.37203.1 d17.14
MinimumVisualStudioVersion = 10.0.40219.1
Project("{FAE04EC0-301F-11D3-BF4B-00C04F79EFBC}") = "rapat-backend", "rapat-backend.csproj", "{620D6070-AD68-214A-8E6B-E9744F1ABF37}"
EndProject
Global
	GlobalSection(SolutionConfigurationPlatforms) = preSolution
		Debug|Any CPU = Debug|Any CPU
		Release|Any CPU = Release|Any CPU
	EndGlobalSection
	GlobalSection(ProjectConfigurationPlatforms) = postSolution
		{620D6070-AD68-214A-8E6B-E9744F1ABF37}.Debug|Any CPU.ActiveCfg = Debug|Any CPU
		{620D6070-AD68-214A-8E6B-E9744F1ABF37}.Debug|Any CPU.Build.0 = Debug|Any CPU
		{620D6070-AD68-214A-8E6B-E9744F1ABF37}.Release|Any CPU.ActiveCfg = Release|Any CPU
		{620D6070-AD68-214A-8E6B-E9744F1ABF37}.Release|Any CPU.Build.0 = Release|Any CPU
	EndGlobalSection
	GlobalSection(SolutionProperties) = preSolution
		HideSolutionNode = FALSE
	EndGlobalSection
	GlobalSection(ExtensibilityGlobals) = postSolution
		SolutionGuid = {B0D1EFB7-556E-4CC3-B542-CAED5A047637}
	EndGlobalSection
EndGlobal
